
Microsoft Visual Studio Solution File, Format Version 12.00
# Visual Studio Version 17
VisualStudioVersion = 17.10.35013.160
MinimumVisualStudioVersion = 10.0.40219.1
Project("{9A19103F-16F7-4668-BE54-9A1E7A4F7556}") = "Kafka.Consumer", "Kafka.Consumer\Kafka.Consumer.csproj", "{D99B1F12-C030-4AA0-BB4A-641092AB1244}"
EndProject
Project("{9A19103F-16F7-4668-BE54-9A1E7A4F7556}") = "Kafka.Producer", "Kafka.Producer\Kafka.Producer.csproj", "{EE9E91D4-310C-4320-B9E2-458D039C74DF}"
EndProject
Project("{E53339B2-1760-4266-BCC7-CA923CBCF16C}") = "docker-compose", "docker-compose.dcproj", "{D92B826E-ACDA-400D-A8C6-99610D084E57}"
EndProject
Project("{FAE04EC0-301F-11D3-BF4B-00C04F79EFBC}") = "Kafka.Consumer2", "..\Kafka.Consumer2\Kafka.Consumer2.csproj", "{56C66A8C-805C-42CC-A560-A6651802E1D3}"
EndProject
Project("{FAE04EC0-301F-11D3-BF4B-00C04F79EFBC}") = "Kafka.Order.API", "..\Kafka.Order.API\Kafka.Order.API.csproj", "{16DCC5DB-118A-423E-AF31-C31EBC95D1AF}"
EndProject
Project("{FAE04EC0-301F-11D3-BF4B-00C04F79EFBC}") = "Kafka.Stock.API", "..\Kafka.Stock.API\Kafka.Stock.API.csproj", "{3F212B9A-46B5-4C7C-B98C-5E7F0AFA6F29}"
EndProject
Project("{FAE04EC0-301F-11D3-BF4B-00C04F79EFBC}") = "Shared.Events", "..\Shared.Events\Shared.Events.csproj", "{3F5C5F06-0E18-4C3F-A1E5-B151024100BD}"
EndProject
Global
	GlobalSection(SolutionConfigurationPlatforms) = preSolution
		Debug|Any CPU = Debug|Any CPU
		Release|Any CPU = Release|Any CPU
	EndGlobalSection
	GlobalSection(ProjectConfigurationPlatforms) = postSolution
		{D99B1F12-C030-4AA0-BB4A-641092AB1244}.Debug|Any CPU.ActiveCfg = Debug|Any CPU
		{D99B1F12-C030-4AA0-BB4A-641092AB1244}.Debug|Any CPU.Build.0 = Debug|Any CPU
		{D99B1F12-C030-4AA0-BB4A-641092AB1244}.Release|Any CPU.ActiveCfg = Release|Any CPU
		{D99B1F12-C030-4AA0-BB4A-641092AB1244}.Release|Any CPU.Build.0 = Release|Any CPU
		{EE9E91D4-310C-4320-B9E2-458D039C74DF}.Debug|Any CPU.ActiveCfg = Debug|Any CPU
		{EE9E91D4-310C-4320-B9E2-458D039C74DF}.Debug|Any CPU.Build.0 = Debug|Any CPU
		{EE9E91D4-310C-4320-B9E2-458D039C74DF}.Release|Any CPU.ActiveCfg = Release|Any CPU
		{EE9E91D4-310C-4320-B9E2-458D039C74DF}.Release|Any CPU.Build.0 = Release|Any CPU
		{D92B826E-ACDA-400D-A8C6-99610D084E57}.Debug|Any CPU.ActiveCfg = Debug|Any CPU
		{D92B826E-ACDA-400D-A8C6-99610D084E57}.Debug|Any CPU.Build.0 = Debug|Any CPU
		{D92B826E-ACDA-400D-A8C6-99610D084E57}.Release|Any CPU.ActiveCfg = Release|Any CPU
		{D92B826E-ACDA-400D-A8C6-99610D084E57}.Release|Any CPU.Build.0 = Release|Any CPU
		{56C66A8C-805C-42CC-A560-A6651802E1D3}.Debug|Any CPU.ActiveCfg = Debug|Any CPU
		{56C66A8C-805C-42CC-A560-A6651802E1D3}.Debug|Any CPU.Build.0 = Debug|Any CPU
		{56C66A8C-805C-42CC-A560-A6651802E1D3}.Release|Any CPU.ActiveCfg = Release|Any CPU
		{56C66A8C-805C-42CC-A560-A6651802E1D3}.Release|Any CPU.Build.0 = Release|Any CPU
		{16DCC5DB-118A-423E-AF31-C31EBC95D1AF}.Debug|Any CPU.ActiveCfg = Debug|Any CPU
		{16DCC5DB-118A-423E-AF31-C31EBC95D1AF}.Debug|Any CPU.Build.0 = Debug|Any CPU
		{16DCC5DB-118A-423E-AF31-C31EBC95D1AF}.Release|Any CPU.ActiveCfg = Release|Any CPU
		{16DCC5DB-118A-423E-AF31-C31EBC95D1AF}.Release|Any CPU.Build.0 = Release|Any CPU
		{3F212B9A-46B5-4C7C-B98C-5E7F0AFA6F29}.Debug|Any CPU.ActiveCfg = Debug|Any CPU
		{3F212B9A-46B5-4C7C-B98C-5E7F0AFA6F29}.Debug|Any CPU.Build.0 = Debug|Any CPU
		{3F212B9A-46B5-4C7C-B98C-5E7F0AFA6F29}.Release|Any CPU.ActiveCfg = Release|Any CPU
		{3F212B9A-46B5-4C7C-B98C-5E7F0AFA6F29}.Release|Any CPU.Build.0 = Release|Any CPU
		{3F5C5F06-0E18-4C3F-A1E5-B151024100BD}.Debug|Any CPU.ActiveCfg = Debug|Any CPU
		{3F5C5F06-0E18-4C3F-A1E5-B151024100BD}.Debug|Any CPU.Build.0 = Debug|Any CPU
		{3F5C5F06-0E18-4C3F-A1E5-B151024100BD}.Release|Any CPU.ActiveCfg = Release|Any CPU
		{3F5C5F06-0E18-4C3F-A1E5-B151024100BD}.Release|Any CPU.Build.0 = Release|Any CPU
	EndGlobalSection
	GlobalSection(SolutionProperties) = preSolution
		HideSolutionNode = FALSE
	EndGlobalSection
	GlobalSection(ExtensibilityGlobals) = postSolution
		SolutionGuid = {2020FD82-16E6-4D56-A8A5-65047B07722F}
	EndGlobalSection
EndGlobal
